
Microsoft Visual Studio Solution File, Format Version 12.00
# Visual Studio Version 17
VisualStudioVersion = 17.7.34202.233
MinimumVisualStudioVersion = 10.0.40219.1
Project("{8BC9CEB8-8B4A-11D0-8D11-00A0C91BC942}") = "Hexahedron", "Hexahedron\Hexahedron.vcxproj", "{F2E22455-A71B-4BC3-A527-47BA73500F3F}"
EndProject
Project("{8BC9CEB8-8B4A-11D0-8D11-00A0C91BC942}") = "Sandbox", "Sandbox\Sandbox.vcxproj", "{8286EDEE-A4CD-49F2-9900-702CB0FA773B}"
	ProjectSection(ProjectDependencies) = postProject
		{F2E22455-A71B-4BC3-A527-47BA73500F3F} = {F2E22455-A71B-4BC3-A527-47BA73500F3F}
	EndProjectSection
EndProject
Global
	GlobalSection(SolutionConfigurationPlatforms) = preSolution
		Debug|x64 = Debug|x64
		Debug|x86 = Debug|x86
		Release|x64 = Release|x64
		Release|x86 = Release|x86
	EndGlobalSection
	GlobalSection(ProjectConfigurationPlatforms) = postSolution
		{F2E22455-A71B-4BC3-A527-47BA73500F3F}.Debug|x64.ActiveCfg = Debug|x64
		{F2E22455-A71B-4BC3-A527-47BA73500F3F}.Debug|x64.Build.0 = Debug|x64
		{F2E22455-A71B-4BC3-A527-47BA73500F3F}.Debug|x86.ActiveCfg = Debug|x64
		{F2E22455-A71B-4BC3-A527-47BA73500F3F}.Debug|x86.Build.0 = Debug|x64
		{F2E22455-A71B-4BC3-A527-47BA73500F3F}.Release|x64.ActiveCfg = Release|x64
		{F2E22455-A71B-4BC3-A527-47BA73500F3F}.Release|x64.Build.0 = Release|x64
		{F2E22455-A71B-4BC3-A527-47BA73500F3F}.Release|x86.ActiveCfg = Release|x64
		{F2E22455-A71B-4BC3-A527-47BA73500F3F}.Release|x86.Build.0 = Release|x64
		{8286EDEE-A4CD-49F2-9900-702CB0FA773B}.Debug|x64.ActiveCfg = Debug|x64
		{8286EDEE-A4CD-49F2-9900-702CB0FA773B}.Debug|x64.Build.0 = Debug|x64
		{8286EDEE-A4CD-49F2-9900-702CB0FA773B}.Debug|x86.ActiveCfg = Debug|x64
		{8286EDEE-A4CD-49F2-9900-702CB0FA773B}.Debug|x86.Build.0 = Debug|x64
		{8286EDEE-A4CD-49F2-9900-702CB0FA773B}.Release|x64.ActiveCfg = Release|x64
		{8286EDEE-A4CD-49F2-9900-702CB0FA773B}.Release|x64.Build.0 = Release|x64
		{8286EDEE-A4CD-49F2-9900-702CB0FA773B}.Release|x86.ActiveCfg = Release|x64
		{8286EDEE-A4CD-49F2-9900-702CB0FA773B}.Release|x86.Build.0 = Release|x64
	EndGlobalSection
	GlobalSection(SolutionProperties) = preSolution
		HideSolutionNode = FALSE
	EndGlobalSection
	GlobalSection(ExtensibilityGlobals) = postSolution
		SolutionGuid = {AB180B99-D120-4DF0-B1EC-B58E8FFB25FB}
	EndGlobalSection
EndGlobal
